// !$*UTF8*$!
{
	archiveVersion = 1;
	classes = {
	};
	objectVersion = 55;
	objects = {

/* Begin PBXBuildFile section */
		4937FDB2282D9DD1007BA526 /* Session.swift in Sources */ = {isa = PBXBuildFile; fileRef = 4937FDB1282D9DD1007BA526 /* Session.swift */; };
		495AA54027FF74DA00A647AD /* MyGroupTableViewCell.swift in Sources */ = {isa = PBXBuildFile; fileRef = 495AA53F27FF74DA00A647AD /* MyGroupTableViewCell.swift */; };
		495AA54227FF74EB00A647AD /* MyGroupTableViewController.swift in Sources */ = {isa = PBXBuildFile; fileRef = 495AA54127FF74EB00A647AD /* MyGroupTableViewController.swift */; };
		498A310627FB01450041EFEB /* AppDelegate.swift in Sources */ = {isa = PBXBuildFile; fileRef = 498A310527FB01450041EFEB /* AppDelegate.swift */; };
		498A310827FB01450041EFEB /* SceneDelegate.swift in Sources */ = {isa = PBXBuildFile; fileRef = 498A310727FB01450041EFEB /* SceneDelegate.swift */; };
		498A310D27FB01450041EFEB /* Main.storyboard in Resources */ = {isa = PBXBuildFile; fileRef = 498A310B27FB01450041EFEB /* Main.storyboard */; };
		498A311027FB01450041EFEB /* HomeWork1_9.xcdatamodeld in Sources */ = {isa = PBXBuildFile; fileRef = 498A310E27FB01450041EFEB /* HomeWork1_9.xcdatamodeld */; };
		498A311227FB01480041EFEB /* Assets.xcassets in Resources */ = {isa = PBXBuildFile; fileRef = 498A311127FB01480041EFEB /* Assets.xcassets */; };
		498A311527FB01480041EFEB /* LaunchScreen.storyboard in Resources */ = {isa = PBXBuildFile; fileRef = 498A311327FB01480041EFEB /* LaunchScreen.storyboard */; };
		498F91742859444600E6A02E /* Extensions+URL.swift in Sources */ = {isa = PBXBuildFile; fileRef = 498F91732859444600E6A02E /* Extensions+URL.swift */; };
		498F91772859446000E6A02E /* Etension + UIImageView.swift in Sources */ = {isa = PBXBuildFile; fileRef = 498F91762859446000E6A02E /* Etension + UIImageView.swift */; };
		498F917A2859448500E6A02E /* Constants.swift in Sources */ = {isa = PBXBuildFile; fileRef = 498F91792859448500E6A02E /* Constants.swift */; };
		498F917D2859465400E6A02E /* FriendsModel.swift in Sources */ = {isa = PBXBuildFile; fileRef = 498F917C2859465400E6A02E /* FriendsModel.swift */; };
		498F917F285946BB00E6A02E /* PhotosModel.swift in Sources */ = {isa = PBXBuildFile; fileRef = 498F917E285946BB00E6A02E /* PhotosModel.swift */; };
		498F91812859483B00E6A02E /* GroupsModel.swift in Sources */ = {isa = PBXBuildFile; fileRef = 498F91802859483B00E6A02E /* GroupsModel.swift */; };
		498F91842859489F00E6A02E /* FriendService.swift in Sources */ = {isa = PBXBuildFile; fileRef = 498F91832859489F00E6A02E /* FriendService.swift */; };
		498F918728594CC800E6A02E /* PhotoFriendsService.swift in Sources */ = {isa = PBXBuildFile; fileRef = 498F918628594CC800E6A02E /* PhotoFriendsService.swift */; };
		498F918A28594E5500E6A02E /* GroupService.swift in Sources */ = {isa = PBXBuildFile; fileRef = 498F918928594E5500E6A02E /* GroupService.swift */; };
		49C1580A2805ABB700544E1C /* FriendsTableViewCell.swift in Sources */ = {isa = PBXBuildFile; fileRef = 49C158092805ABB700544E1C /* FriendsTableViewCell.swift */; };
		49C1580C2805ABF600544E1C /* FriendsTableViewController.swift in Sources */ = {isa = PBXBuildFile; fileRef = 49C1580B2805ABF600544E1C /* FriendsTableViewController.swift */; };
		49C1580E2805AC3100544E1C /* FriendsCollectionViewController.swift in Sources */ = {isa = PBXBuildFile; fileRef = 49C1580D2805AC3100544E1C /* FriendsCollectionViewController.swift */; };
		49C158102805B3F500544E1C /* FriendsCollectionViewCell.swift in Sources */ = {isa = PBXBuildFile; fileRef = 49C1580F2805B3F500544E1C /* FriendsCollectionViewCell.swift */; };
		49DC5C052832B387000E9A08 /* VKLoginViewController.swift in Sources */ = {isa = PBXBuildFile; fileRef = 49DC5C042832B387000E9A08 /* VKLoginViewController.swift */; };
		49ECA3DC280C4AF6002013CF /* LikeControl.swift in Sources */ = {isa = PBXBuildFile; fileRef = 49ECA3DB280C4AF6002013CF /* LikeControl.swift */; };
		49ECA3DE280C571E002013CF /* AvatarView.swift in Sources */ = {isa = PBXBuildFile; fileRef = 49ECA3DD280C571E002013CF /* AvatarView.swift */; };
		F16E5CD0C54CA5335509BFF7 /* Pods_HomeWork1_9.framework in Frameworks */ = {isa = PBXBuildFile; fileRef = 04B1E736472DC851D9615756 /* Pods_HomeWork1_9.framework */; };
/* End PBXBuildFile section */

/* Begin PBXFileReference section */
		04B1E736472DC851D9615756 /* Pods_HomeWork1_9.framework */ = {isa = PBXFileReference; explicitFileType = wrapper.framework; includeInIndex = 0; path = Pods_HomeWork1_9.framework; sourceTree = BUILT_PRODUCTS_DIR; };
		31DC89B7D9BAC60A73A8D993 /* Pods-HomeWork1-9.debug.xcconfig */ = {isa = PBXFileReference; includeInIndex = 1; lastKnownFileType = text.xcconfig; name = "Pods-HomeWork1-9.debug.xcconfig"; path = "Target Support Files/Pods-HomeWork1-9/Pods-HomeWork1-9.debug.xcconfig"; sourceTree = "<group>"; };
		4937FDB1282D9DD1007BA526 /* Session.swift */ = {isa = PBXFileReference; lastKnownFileType = sourcecode.swift; path = Session.swift; sourceTree = "<group>"; };
		495AA53F27FF74DA00A647AD /* MyGroupTableViewCell.swift */ = {isa = PBXFileReference; lastKnownFileType = sourcecode.swift; path = MyGroupTableViewCell.swift; sourceTree = "<group>"; };
		495AA54127FF74EB00A647AD /* MyGroupTableViewController.swift */ = {isa = PBXFileReference; lastKnownFileType = sourcecode.swift; path = MyGroupTableViewController.swift; sourceTree = "<group>"; };
		498A310227FB01450041EFEB /* HomeWork1-9.app */ = {isa = PBXFileReference; explicitFileType = wrapper.application; includeInIndex = 0; path = "HomeWork1-9.app"; sourceTree = BUILT_PRODUCTS_DIR; };
		498A310527FB01450041EFEB /* AppDelegate.swift */ = {isa = PBXFileReference; lastKnownFileType = sourcecode.swift; path = AppDelegate.swift; sourceTree = "<group>"; };
		498A310727FB01450041EFEB /* SceneDelegate.swift */ = {isa = PBXFileReference; lastKnownFileType = sourcecode.swift; path = SceneDelegate.swift; sourceTree = "<group>"; };
		498A310C27FB01450041EFEB /* Base */ = {isa = PBXFileReference; lastKnownFileType = file.storyboard; name = Base; path = Base.lproj/Main.storyboard; sourceTree = "<group>"; };
		498A310F27FB01450041EFEB /* HomeWork1_9.xcdatamodel */ = {isa = PBXFileReference; lastKnownFileType = wrapper.xcdatamodel; path = HomeWork1_9.xcdatamodel; sourceTree = "<group>"; };
		498A311127FB01480041EFEB /* Assets.xcassets */ = {isa = PBXFileReference; lastKnownFileType = folder.assetcatalog; path = Assets.xcassets; sourceTree = "<group>"; };
		498A311427FB01480041EFEB /* Base */ = {isa = PBXFileReference; lastKnownFileType = file.storyboard; name = Base; path = Base.lproj/LaunchScreen.storyboard; sourceTree = "<group>"; };
		498A311627FB01480041EFEB /* Info.plist */ = {isa = PBXFileReference; lastKnownFileType = text.plist.xml; path = Info.plist; sourceTree = "<group>"; };
		498F91732859444600E6A02E /* Extensions+URL.swift */ = {isa = PBXFileReference; lastKnownFileType = sourcecode.swift; path = "Extensions+URL.swift"; sourceTree = "<group>"; };
		498F91762859446000E6A02E /* Etension + UIImageView.swift */ = {isa = PBXFileReference; lastKnownFileType = sourcecode.swift; path = "Etension + UIImageView.swift"; sourceTree = "<group>"; };
		498F91792859448500E6A02E /* Constants.swift */ = {isa = PBXFileReference; lastKnownFileType = sourcecode.swift; path = Constants.swift; sourceTree = "<group>"; };
		498F917C2859465400E6A02E /* FriendsModel.swift */ = {isa = PBXFileReference; lastKnownFileType = sourcecode.swift; path = FriendsModel.swift; sourceTree = "<group>"; };
		498F917E285946BB00E6A02E /* PhotosModel.swift */ = {isa = PBXFileReference; lastKnownFileType = sourcecode.swift; path = PhotosModel.swift; sourceTree = "<group>"; };
		498F91802859483B00E6A02E /* GroupsModel.swift */ = {isa = PBXFileReference; lastKnownFileType = sourcecode.swift; path = GroupsModel.swift; sourceTree = "<group>"; };
		498F91832859489F00E6A02E /* FriendService.swift */ = {isa = PBXFileReference; lastKnownFileType = sourcecode.swift; path = FriendService.swift; sourceTree = "<group>"; };
		498F918628594CC800E6A02E /* PhotoFriendsService.swift */ = {isa = PBXFileReference; lastKnownFileType = sourcecode.swift; path = PhotoFriendsService.swift; sourceTree = "<group>"; };
		498F918928594E5500E6A02E /* GroupService.swift */ = {isa = PBXFileReference; lastKnownFileType = sourcecode.swift; path = GroupService.swift; sourceTree = "<group>"; };
		49C158092805ABB700544E1C /* FriendsTableViewCell.swift */ = {isa = PBXFileReference; lastKnownFileType = sourcecode.swift; path = FriendsTableViewCell.swift; sourceTree = "<group>"; };
		49C1580B2805ABF600544E1C /* FriendsTableViewController.swift */ = {isa = PBXFileReference; lastKnownFileType = sourcecode.swift; path = FriendsTableViewController.swift; sourceTree = "<group>"; };
		49C1580D2805AC3100544E1C /* FriendsCollectionViewController.swift */ = {isa = PBXFileReference; lastKnownFileType = sourcecode.swift; path = FriendsCollectionViewController.swift; sourceTree = "<group>"; };
		49C1580F2805B3F500544E1C /* FriendsCollectionViewCell.swift */ = {isa = PBXFileReference; lastKnownFileType = sourcecode.swift; path = FriendsCollectionViewCell.swift; sourceTree = "<group>"; };
		49DC5C042832B387000E9A08 /* VKLoginViewController.swift */ = {isa = PBXFileReference; lastKnownFileType = sourcecode.swift; path = VKLoginViewController.swift; sourceTree = "<group>"; };
		49ECA3DB280C4AF6002013CF /* LikeControl.swift */ = {isa = PBXFileReference; lastKnownFileType = sourcecode.swift; path = LikeControl.swift; sourceTree = "<group>"; };
		49ECA3DD280C571E002013CF /* AvatarView.swift */ = {isa = PBXFileReference; lastKnownFileType = sourcecode.swift; path = AvatarView.swift; sourceTree = "<group>"; };
		D8A52ECF52CA49393AD022E5 /* Pods-HomeWork1-9.release.xcconfig */ = {isa = PBXFileReference; includeInIndex = 1; lastKnownFileType = text.xcconfig; name = "Pods-HomeWork1-9.release.xcconfig"; path = "Target Support Files/Pods-HomeWork1-9/Pods-HomeWork1-9.release.xcconfig"; sourceTree = "<group>"; };
/* End PBXFileReference section */

/* Begin PBXFrameworksBuildPhase section */
		498A30FF27FB01450041EFEB /* Frameworks */ = {
			isa = PBXFrameworksBuildPhase;
			buildActionMask = 2147483647;
			files = (
				F16E5CD0C54CA5335509BFF7 /* Pods_HomeWork1_9.framework in Frameworks */,
			);
			runOnlyForDeploymentPostprocessing = 0;
		};
/* End PBXFrameworksBuildPhase section */

/* Begin PBXGroup section */
		1CC8C13B4D9D268078221D94 /* Frameworks */ = {
			isa = PBXGroup;
			children = (
				04B1E736472DC851D9615756 /* Pods_HomeWork1_9.framework */,
			);
			name = Frameworks;
			sourceTree = "<group>";
		};
		495AA53E27FF74AD00A647AD /* Group */ = {
			isa = PBXGroup;
			children = (
				4984A66428254E7F00F790D4 /* GroupControllers */,
			);
			path = Group;
			sourceTree = "<group>";
		};
		495AE5092800B40300853CF7 /* Friends */ = {
			isa = PBXGroup;
			children = (
				498F916D285942AE00E6A02E /* FriendsCollection */,
				4984A66228254E4B00F790D4 /* FriendsTableView */,
				498F916F285942C900E6A02E /* UserAvatar */,
				4984A66128254E2B00F790D4 /* Likes */,
			);
			path = Friends;
			sourceTree = "<group>";
		};
		4984A66128254E2B00F790D4 /* Likes */ = {
			isa = PBXGroup;
			children = (
				49ECA3DB280C4AF6002013CF /* LikeControl.swift */,
			);
			path = Likes;
			sourceTree = "<group>";
		};
		4984A66228254E4B00F790D4 /* FriendsTableView */ = {
			isa = PBXGroup;
			children = (
				498F91822859489100E6A02E /* ServiceLayer */,
				498F916C2859429E00E6A02E /* Cells */,
				49C1580B2805ABF600544E1C /* FriendsTableViewController.swift */,
			);
			path = FriendsTableView;
			sourceTree = "<group>";
		};
		4984A66328254E7300F790D4 /* GroupCells */ = {
			isa = PBXGroup;
			children = (
				495AA53F27FF74DA00A647AD /* MyGroupTableViewCell.swift */,
			);
			path = GroupCells;
			sourceTree = "<group>";
		};
		4984A66428254E7F00F790D4 /* GroupControllers */ = {
			isa = PBXGroup;
			children = (
				498F918828594E4600E6A02E /* Service Layer */,
				4984A66328254E7300F790D4 /* GroupCells */,
				495AA54127FF74EB00A647AD /* MyGroupTableViewController.swift */,
			);
			path = GroupControllers;
			sourceTree = "<group>";
		};
		498A30F927FB01450041EFEB = {
			isa = PBXGroup;
			children = (
				498A310427FB01450041EFEB /* HomeWork1-9 */,
				498A310327FB01450041EFEB /* Products */,
				97F148F00E3C6200EAB9B15D /* Pods */,
				1CC8C13B4D9D268078221D94 /* Frameworks */,
			);
			sourceTree = "<group>";
		};
		498A310327FB01450041EFEB /* Products */ = {
			isa = PBXGroup;
			children = (
				498A310227FB01450041EFEB /* HomeWork1-9.app */,
			);
			name = Products;
			sourceTree = "<group>";
		};
		498A310427FB01450041EFEB /* HomeWork1-9 */ = {
			isa = PBXGroup;
			children = (
				498F91782859447800E6A02E /* Common */,
				498F91712859442800E6A02E /* Extension */,
				498F9170285942DE00E6A02E /* App */,
				498F917B2859463B00E6A02E /* Model */,
				49DC5C062832B8EC000E9A08 /* Session */,
				49ECA3E7280CD693002013CF /* LoginView */,
				495AE5092800B40300853CF7 /* Friends */,
				495AA53E27FF74AD00A647AD /* Group */,
				498A311127FB01480041EFEB /* Assets.xcassets */,
				498A311627FB01480041EFEB /* Info.plist */,
				498A310E27FB01450041EFEB /* HomeWork1_9.xcdatamodeld */,
			);
			path = "HomeWork1-9";
			sourceTree = "<group>";
		};
		498F916C2859429E00E6A02E /* Cells */ = {
			isa = PBXGroup;
			children = (
				49C158092805ABB700544E1C /* FriendsTableViewCell.swift */,
			);
			path = Cells;
			sourceTree = "<group>";
		};
		498F916D285942AE00E6A02E /* FriendsCollection */ = {
			isa = PBXGroup;
			children = (
				498F918528594CAC00E6A02E /* ServiceLayer */,
				498F916E285942BA00E6A02E /* Cells */,
				49C1580D2805AC3100544E1C /* FriendsCollectionViewController.swift */,
			);
			path = FriendsCollection;
			sourceTree = "<group>";
		};
		498F916E285942BA00E6A02E /* Cells */ = {
			isa = PBXGroup;
			children = (
				49C1580F2805B3F500544E1C /* FriendsCollectionViewCell.swift */,
			);
			path = Cells;
			sourceTree = "<group>";
		};
		498F916F285942C900E6A02E /* UserAvatar */ = {
			isa = PBXGroup;
			children = (
				49ECA3DD280C571E002013CF /* AvatarView.swift */,
			);
			path = UserAvatar;
			sourceTree = "<group>";
		};
		498F9170285942DE00E6A02E /* App */ = {
			isa = PBXGroup;
			children = (
				498A310B27FB01450041EFEB /* Main.storyboard */,
				498A311327FB01480041EFEB /* LaunchScreen.storyboard */,
				498A310527FB01450041EFEB /* AppDelegate.swift */,
				498A310727FB01450041EFEB /* SceneDelegate.swift */,
			);
			path = App;
			sourceTree = "<group>";
		};
		498F91712859442800E6A02E /* Extension */ = {
			isa = PBXGroup;
			children = (
				498F91732859444600E6A02E /* Extensions+URL.swift */,
				498F91762859446000E6A02E /* Etension + UIImageView.swift */,
			);
			path = Extension;
			sourceTree = "<group>";
		};
		498F91782859447800E6A02E /* Common */ = {
			isa = PBXGroup;
			children = (
				498F91792859448500E6A02E /* Constants.swift */,
			);
			path = Common;
			sourceTree = "<group>";
		};
		498F917B2859463B00E6A02E /* Model */ = {
			isa = PBXGroup;
			children = (
				498F917C2859465400E6A02E /* FriendsModel.swift */,
				498F917E285946BB00E6A02E /* PhotosModel.swift */,
				498F91802859483B00E6A02E /* GroupsModel.swift */,
			);
			path = Model;
			sourceTree = "<group>";
		};
		498F91822859489100E6A02E /* ServiceLayer */ = {
			isa = PBXGroup;
			children = (
				498F91832859489F00E6A02E /* FriendService.swift */,
			);
			path = ServiceLayer;
			sourceTree = "<group>";
		};
		498F918528594CAC00E6A02E /* ServiceLayer */ = {
			isa = PBXGroup;
			children = (
				498F918628594CC800E6A02E /* PhotoFriendsService.swift */,
			);
			path = ServiceLayer;
			sourceTree = "<group>";
		};
		498F918828594E4600E6A02E /* Service Layer */ = {
			isa = PBXGroup;
			children = (
				498F918928594E5500E6A02E /* GroupService.swift */,
			);
			path = "Service Layer";
			sourceTree = "<group>";
		};
		49DC5C062832B8EC000E9A08 /* Session */ = {
			isa = PBXGroup;
			children = (
				4937FDB1282D9DD1007BA526 /* Session.swift */,
			);
			path = Session;
			sourceTree = "<group>";
		};
		49ECA3E7280CD693002013CF /* LoginView */ = {
			isa = PBXGroup;
			children = (
				49DC5C042832B387000E9A08 /* VKLoginViewController.swift */,
			);
			path = LoginView;
			sourceTree = "<group>";
		};
		97F148F00E3C6200EAB9B15D /* Pods */ = {
			isa = PBXGroup;
			children = (
				31DC89B7D9BAC60A73A8D993 /* Pods-HomeWork1-9.debug.xcconfig */,
				D8A52ECF52CA49393AD022E5 /* Pods-HomeWork1-9.release.xcconfig */,
			);
			path = Pods;
			sourceTree = "<group>";
		};
/* End PBXGroup section */

/* Begin PBXNativeTarget section */
		498A310127FB01450041EFEB /* HomeWork1-9 */ = {
			isa = PBXNativeTarget;
			buildConfigurationList = 498A311927FB01480041EFEB /* Build configuration list for PBXNativeTarget "HomeWork1-9" */;
			buildPhases = (
				DC61E3E127BA5878E150E1AD /* [CP] Check Pods Manifest.lock */,
				498A30FE27FB01450041EFEB /* Sources */,
				498A30FF27FB01450041EFEB /* Frameworks */,
				498A310027FB01450041EFEB /* Resources */,
				BBD28D23DC2BA99BEC7D2198 /* [CP] Embed Pods Frameworks */,
			);
			buildRules = (
			);
			dependencies = (
			);
			name = "HomeWork1-9";
			productName = "HomeWork1-9";
			productReference = 498A310227FB01450041EFEB /* HomeWork1-9.app */;
			productType = "com.apple.product-type.application";
		};
/* End PBXNativeTarget section */

/* Begin PBXProject section */
		498A30FA27FB01450041EFEB /* Project object */ = {
			isa = PBXProject;
			attributes = {
				BuildIndependentTargetsInParallel = 1;
				LastSwiftUpdateCheck = 1320;
				LastUpgradeCheck = 1320;
				TargetAttributes = {
					498A310127FB01450041EFEB = {
						CreatedOnToolsVersion = 13.2.1;
					};
				};
			};
			buildConfigurationList = 498A30FD27FB01450041EFEB /* Build configuration list for PBXProject "HomeWork1-9" */;
			compatibilityVersion = "Xcode 13.0";
			developmentRegion = en;
			hasScannedForEncodings = 0;
			knownRegions = (
				en,
				Base,
			);
			mainGroup = 498A30F927FB01450041EFEB;
			productRefGroup = 498A310327FB01450041EFEB /* Products */;
			projectDirPath = "";
			projectRoot = "";
			targets = (
				498A310127FB01450041EFEB /* HomeWork1-9 */,
			);
		};
/* End PBXProject section */

/* Begin PBXResourcesBuildPhase section */
		498A310027FB01450041EFEB /* Resources */ = {
			isa = PBXResourcesBuildPhase;
			buildActionMask = 2147483647;
			files = (
				498A311527FB01480041EFEB /* LaunchScreen.storyboard in Resources */,
				498A311227FB01480041EFEB /* Assets.xcassets in Resources */,
				498A310D27FB01450041EFEB /* Main.storyboard in Resources */,
			);
			runOnlyForDeploymentPostprocessing = 0;
		};
/* End PBXResourcesBuildPhase section */

/* Begin PBXShellScriptBuildPhase section */
		BBD28D23DC2BA99BEC7D2198 /* [CP] Embed Pods Frameworks */ = {
			isa = PBXShellScriptBuildPhase;
			buildActionMask = 2147483647;
			files = (
			);
			inputFileListPaths = (
				"${PODS_ROOT}/Target Support Files/Pods-HomeWork1-9/Pods-HomeWork1-9-frameworks-${CONFIGURATION}-input-files.xcfilelist",
			);
			name = "[CP] Embed Pods Frameworks";
			outputFileListPaths = (
				"${PODS_ROOT}/Target Support Files/Pods-HomeWork1-9/Pods-HomeWork1-9-frameworks-${CONFIGURATION}-output-files.xcfilelist",
			);
			runOnlyForDeploymentPostprocessing = 0;
			shellPath = /bin/sh;
			shellScript = "\"${PODS_ROOT}/Target Support Files/Pods-HomeWork1-9/Pods-HomeWork1-9-frameworks.sh\"\n";
			showEnvVarsInLog = 0;
		};
		DC61E3E127BA5878E150E1AD /* [CP] Check Pods Manifest.lock */ = {
			isa = PBXShellScriptBuildPhase;
			buildActionMask = 2147483647;
			files = (
			);
			inputFileListPaths = (
			);
			inputPaths = (
				"${PODS_PODFILE_DIR_PATH}/Podfile.lock",
				"${PODS_ROOT}/Manifest.lock",
			);
			name = "[CP] Check Pods Manifest.lock";
			outputFileListPaths = (
			);
			outputPaths = (
				"$(DERIVED_FILE_DIR)/Pods-HomeWork1-9-checkManifestLockResult.txt",
			);
			runOnlyForDeploymentPostprocessing = 0;
			shellPath = /bin/sh;
			shellScript = "diff \"${PODS_PODFILE_DIR_PATH}/Podfile.lock\" \"${PODS_ROOT}/Manifest.lock\" > /dev/null\nif [ $? != 0 ] ; then\n    # print error to STDERR\n    echo \"error: The sandbox is not in sync with the Podfile.lock. Run 'pod install' or update your CocoaPods installation.\" >&2\n    exit 1\nfi\n# This output is used by Xcode 'outputs' to avoid re-running this script phase.\necho \"SUCCESS\" > \"${SCRIPT_OUTPUT_FILE_0}\"\n";
			showEnvVarsInLog = 0;
		};
/* End PBXShellScriptBuildPhase section */

/* Begin PBXSourcesBuildPhase section */
		498A30FE27FB01450041EFEB /* Sources */ = {
			isa = PBXSourcesBuildPhase;
			buildActionMask = 2147483647;
			files = (
				49C1580A2805ABB700544E1C /* FriendsTableViewCell.swift in Sources */,
				498F917A2859448500E6A02E /* Constants.swift in Sources */,
				498F91742859444600E6A02E /* Extensions+URL.swift in Sources */,
				498F91812859483B00E6A02E /* GroupsModel.swift in Sources */,
				49ECA3DC280C4AF6002013CF /* LikeControl.swift in Sources */,
				498F91772859446000E6A02E /* Etension + UIImageView.swift in Sources */,
				49C1580E2805AC3100544E1C /* FriendsCollectionViewController.swift in Sources */,
				49ECA3DE280C571E002013CF /* AvatarView.swift in Sources */,
				49DC5C052832B387000E9A08 /* VKLoginViewController.swift in Sources */,
				498F917D2859465400E6A02E /* FriendsModel.swift in Sources */,
				498F918A28594E5500E6A02E /* GroupService.swift in Sources */,
				495AA54027FF74DA00A647AD /* MyGroupTableViewCell.swift in Sources */,
				49C158102805B3F500544E1C /* FriendsCollectionViewCell.swift in Sources */,
				495AA54227FF74EB00A647AD /* MyGroupTableViewController.swift in Sources */,
				49C1580C2805ABF600544E1C /* FriendsTableViewController.swift in Sources */,
				498A311027FB01450041EFEB /* HomeWork1_9.xcdatamodeld in Sources */,
				498A310627FB01450041EFEB /* AppDelegate.swift in Sources */,
				498A310827FB01450041EFEB /* SceneDelegate.swift in Sources */,
				498F918728594CC800E6A02E /* PhotoFriendsService.swift in Sources */,
				498F917F285946BB00E6A02E /* PhotosModel.swift in Sources */,
				4937FDB2282D9DD1007BA526 /* Session.swift in Sources */,
				498F91842859489F00E6A02E /* FriendService.swift in Sources */,
			);
			runOnlyForDeploymentPostprocessing = 0;
		};
/* End PBXSourcesBuildPhase section */

/* Begin PBXVariantGroup section */
		498A310B27FB01450041EFEB /* Main.storyboard */ = {
			isa = PBXVariantGroup;
			children = (
				498A310C27FB01450041EFEB /* Base */,
			);
			name = Main.storyboard;
			sourceTree = "<group>";
		};
		498A311327FB01480041EFEB /* LaunchScreen.storyboard */ = {
			isa = PBXVariantGroup;
			children = (
				498A311427FB01480041EFEB /* Base */,
			);
			name = LaunchScreen.storyboard;
			sourceTree = "<group>";
		};
/* End PBXVariantGroup section */

/* Begin XCBuildConfiguration section */
		498A311727FB01480041EFEB /* Debug */ = {
			isa = XCBuildConfiguration;
			buildSettings = {
				ALWAYS_SEARCH_USER_PATHS = NO;
				CLANG_ANALYZER_NONNULL = YES;
				CLANG_ANALYZER_NUMBER_OBJECT_CONVERSION = YES_AGGRESSIVE;
				CLANG_CXX_LANGUAGE_STANDARD = "gnu++17";
				CLANG_CXX_LIBRARY = "libc++";
				CLANG_ENABLE_MODULES = YES;
				CLANG_ENABLE_OBJC_ARC = YES;
				CLANG_ENABLE_OBJC_WEAK = YES;
				CLANG_WARN_BLOCK_CAPTURE_AUTORELEASING = YES;
				CLANG_WARN_BOOL_CONVERSION = YES;
				CLANG_WARN_COMMA = YES;
				CLANG_WARN_CONSTANT_CONVERSION = YES;
				CLANG_WARN_DEPRECATED_OBJC_IMPLEMENTATIONS = YES;
				CLANG_WARN_DIRECT_OBJC_ISA_USAGE = YES_ERROR;
				CLANG_WARN_DOCUMENTATION_COMMENTS = YES;
				CLANG_WARN_EMPTY_BODY = YES;
				CLANG_WARN_ENUM_CONVERSION = YES;
				CLANG_WARN_INFINITE_RECURSION = YES;
				CLANG_WARN_INT_CONVERSION = YES;
				CLANG_WARN_NON_LITERAL_NULL_CONVERSION = YES;
				CLANG_WARN_OBJC_IMPLICIT_RETAIN_SELF = YES;
				CLANG_WARN_OBJC_LITERAL_CONVERSION = YES;
				CLANG_WARN_OBJC_ROOT_CLASS = YES_ERROR;
				CLANG_WARN_QUOTED_INCLUDE_IN_FRAMEWORK_HEADER = YES;
				CLANG_WARN_RANGE_LOOP_ANALYSIS = YES;
				CLANG_WARN_STRICT_PROTOTYPES = YES;
				CLANG_WARN_SUSPICIOUS_MOVE = YES;
				CLANG_WARN_UNGUARDED_AVAILABILITY = YES_AGGRESSIVE;
				CLANG_WARN_UNREACHABLE_CODE = YES;
				CLANG_WARN__DUPLICATE_METHOD_MATCH = YES;
				COPY_PHASE_STRIP = NO;
				DEBUG_INFORMATION_FORMAT = dwarf;
				ENABLE_STRICT_OBJC_MSGSEND = YES;
				ENABLE_TESTABILITY = YES;
				GCC_C_LANGUAGE_STANDARD = gnu11;
				GCC_DYNAMIC_NO_PIC = NO;
				GCC_NO_COMMON_BLOCKS = YES;
				GCC_OPTIMIZATION_LEVEL = 0;
				GCC_PREPROCESSOR_DEFINITIONS = (
					"DEBUG=1",
					"$(inherited)",
				);
				GCC_WARN_64_TO_32_BIT_CONVERSION = YES;
				GCC_WARN_ABOUT_RETURN_TYPE = YES_ERROR;
				GCC_WARN_UNDECLARED_SELECTOR = YES;
				GCC_WARN_UNINITIALIZED_AUTOS = YES_AGGRESSIVE;
				GCC_WARN_UNUSED_FUNCTION = YES;
				GCC_WARN_UNUSED_VARIABLE = YES;
				IPHONEOS_DEPLOYMENT_TARGET = 15.5;
				MTL_ENABLE_DEBUG_INFO = INCLUDE_SOURCE;
				MTL_FAST_MATH = YES;
				ONLY_ACTIVE_ARCH = YES;
				SDKROOT = iphoneos;
				SWIFT_ACTIVE_COMPILATION_CONDITIONS = DEBUG;
				SWIFT_OPTIMIZATION_LEVEL = "-Onone";
			};
			name = Debug;
		};
		498A311827FB01480041EFEB /* Release */ = {
			isa = XCBuildConfiguration;
			buildSettings = {
				ALWAYS_SEARCH_USER_PATHS = NO;
				CLANG_ANALYZER_NONNULL = YES;
				CLANG_ANALYZER_NUMBER_OBJECT_CONVERSION = YES_AGGRESSIVE;
				CLANG_CXX_LANGUAGE_STANDARD = "gnu++17";
				CLANG_CXX_LIBRARY = "libc++";
				CLANG_ENABLE_MODULES = YES;
				CLANG_ENABLE_OBJC_ARC = YES;
				CLANG_ENABLE_OBJC_WEAK = YES;
				CLANG_WARN_BLOCK_CAPTURE_AUTORELEASING = YES;
				CLANG_WARN_BOOL_CONVERSION = YES;
				CLANG_WARN_COMMA = YES;
				CLANG_WARN_CONSTANT_CONVERSION = YES;
				CLANG_WARN_DEPRECATED_OBJC_IMPLEMENTATIONS = YES;
				CLANG_WARN_DIRECT_OBJC_ISA_USAGE = YES_ERROR;
				CLANG_WARN_DOCUMENTATION_COMMENTS = YES;
				CLANG_WARN_EMPTY_BODY = YES;
				CLANG_WARN_ENUM_CONVERSION = YES;
				CLANG_WARN_INFINITE_RECURSION = YES;
				CLANG_WARN_INT_CONVERSION = YES;
				CLANG_WARN_NON_LITERAL_NULL_CONVERSION = YES;
				CLANG_WARN_OBJC_IMPLICIT_RETAIN_SELF = YES;
				CLANG_WARN_OBJC_LITERAL_CONVERSION = YES;
				CLANG_WARN_OBJC_ROOT_CLASS = YES_ERROR;
				CLANG_WARN_QUOTED_INCLUDE_IN_FRAMEWORK_HEADER = YES;
				CLANG_WARN_RANGE_LOOP_ANALYSIS = YES;
				CLANG_WARN_STRICT_PROTOTYPES = YES;
				CLANG_WARN_SUSPICIOUS_MOVE = YES;
				CLANG_WARN_UNGUARDED_AVAILABILITY = YES_AGGRESSIVE;
				CLANG_WARN_UNREACHABLE_CODE = YES;
				CLANG_WARN__DUPLICATE_METHOD_MATCH = YES;
				COPY_PHASE_STRIP = NO;
				DEBUG_INFORMATION_FORMAT = "dwarf-with-dsym";
				ENABLE_NS_ASSERTIONS = NO;
				ENABLE_STRICT_OBJC_MSGSEND = YES;
				GCC_C_LANGUAGE_STANDARD = gnu11;
				GCC_NO_COMMON_BLOCKS = YES;
				GCC_WARN_64_TO_32_BIT_CONVERSION = YES;
				GCC_WARN_ABOUT_RETURN_TYPE = YES_ERROR;
				GCC_WARN_UNDECLARED_SELECTOR = YES;
				GCC_WARN_UNINITIALIZED_AUTOS = YES_AGGRESSIVE;
				GCC_WARN_UNUSED_FUNCTION = YES;
				GCC_WARN_UNUSED_VARIABLE = YES;
				IPHONEOS_DEPLOYMENT_TARGET = 15.5;
				MTL_ENABLE_DEBUG_INFO = NO;
				MTL_FAST_MATH = YES;
				SDKROOT = iphoneos;
				SWIFT_COMPILATION_MODE = wholemodule;
				SWIFT_OPTIMIZATION_LEVEL = "-O";
				VALIDATE_PRODUCT = YES;
			};
			name = Release;
		};
		498A311A27FB01480041EFEB /* Debug */ = {
			isa = XCBuildConfiguration;
			baseConfigurationReference = 31DC89B7D9BAC60A73A8D993 /* Pods-HomeWork1-9.debug.xcconfig */;
			buildSettings = {
				ASSETCATALOG_COMPILER_APPICON_NAME = AppIcon;
				ASSETCATALOG_COMPILER_GLOBAL_ACCENT_COLOR_NAME = AccentColor;
				CODE_SIGN_STYLE = Automatic;
				CURRENT_PROJECT_VERSION = 1;
				GENERATE_INFOPLIST_FILE = YES;
				INFOPLIST_FILE = "HomeWork1-9/Info.plist";
				INFOPLIST_KEY_UIApplicationSupportsIndirectInputEvents = YES;
				INFOPLIST_KEY_UILaunchStoryboardName = LaunchScreen;
				INFOPLIST_KEY_UIMainStoryboardFile = Main;
				INFOPLIST_KEY_UISupportedInterfaceOrientations_iPad = "UIInterfaceOrientationPortrait UIInterfaceOrientationPortraitUpsideDown UIInterfaceOrientationLandscapeLeft UIInterfaceOrientationLandscapeRight";
				INFOPLIST_KEY_UISupportedInterfaceOrientations_iPhone = "UIInterfaceOrientationPortrait UIInterfaceOrientationLandscapeLeft UIInterfaceOrientationLandscapeRight";
				LD_RUNPATH_SEARCH_PATHS = (
					"$(inherited)",
					"@executable_path/Frameworks",
				);
				MARKETING_VERSION = 1.0;
				PRODUCT_BUNDLE_IDENTIFIER = "-7swords.HomeWork1-9";
				PRODUCT_NAME = "$(TARGET_NAME)";
				SWIFT_EMIT_LOC_STRINGS = YES;
				SWIFT_VERSION = 5.0;
				TARGETED_DEVICE_FAMILY = "1,2";
			};
			name = Debug;
		};
		498A311B27FB01480041EFEB /* Release */ = {
			isa = XCBuildConfiguration;
			baseConfigurationReference = D8A52ECF52CA49393AD022E5 /* Pods-HomeWork1-9.release.xcconfig */;
			buildSettings = {
				ASSETCATALOG_COMPILER_APPICON_NAME = AppIcon;
				ASSETCATALOG_COMPILER_GLOBAL_ACCENT_COLOR_NAME = AccentColor;
				CODE_SIGN_STYLE = Automatic;
				CURRENT_PROJECT_VERSION = 1;
				GENERATE_INFOPLIST_FILE = YES;
				INFOPLIST_FILE = "HomeWork1-9/Info.plist";
				INFOPLIST_KEY_UIApplicationSupportsIndirectInputEvents = YES;
				INFOPLIST_KEY_UILaunchStoryboardName = LaunchScreen;
				INFOPLIST_KEY_UIMainStoryboardFile = Main;
				INFOPLIST_KEY_UISupportedInterfaceOrientations_iPad = "UIInterfaceOrientationPortrait UIInterfaceOrientationPortraitUpsideDown UIInterfaceOrientationLandscapeLeft UIInterfaceOrientationLandscapeRight";
				INFOPLIST_KEY_UISupportedInterfaceOrientations_iPhone = "UIInterfaceOrientationPortrait UIInterfaceOrientationLandscapeLeft UIInterfaceOrientationLandscapeRight";
				LD_RUNPATH_SEARCH_PATHS = (
					"$(inherited)",
					"@executable_path/Frameworks",
				);
				MARKETING_VERSION = 1.0;
				PRODUCT_BUNDLE_IDENTIFIER = "-7swords.HomeWork1-9";
				PRODUCT_NAME = "$(TARGET_NAME)";
				SWIFT_EMIT_LOC_STRINGS = YES;
				SWIFT_VERSION = 5.0;
				TARGETED_DEVICE_FAMILY = "1,2";
			};
			name = Release;
		};
/* End XCBuildConfiguration section */

/* Begin XCConfigurationList section */
		498A30FD27FB01450041EFEB /* Build configuration list for PBXProject "HomeWork1-9" */ = {
			isa = XCConfigurationList;
			buildConfigurations = (
				498A311727FB01480041EFEB /* Debug */,
				498A311827FB01480041EFEB /* Release */,
			);
			defaultConfigurationIsVisible = 0;
			defaultConfigurationName = Release;
		};
		498A311927FB01480041EFEB /* Build configuration list for PBXNativeTarget "HomeWork1-9" */ = {
			isa = XCConfigurationList;
			buildConfigurations = (
				498A311A27FB01480041EFEB /* Debug */,
				498A311B27FB01480041EFEB /* Release */,
			);
			defaultConfigurationIsVisible = 0;
			defaultConfigurationName = Release;
		};
/* End XCConfigurationList section */

/* Begin XCVersionGroup section */
		498A310E27FB01450041EFEB /* HomeWork1_9.xcdatamodeld */ = {
			isa = XCVersionGroup;
			children = (
				498A310F27FB01450041EFEB /* HomeWork1_9.xcdatamodel */,
			);
			currentVersion = 498A310F27FB01450041EFEB /* HomeWork1_9.xcdatamodel */;
			path = HomeWork1_9.xcdatamodeld;
			sourceTree = "<group>";
			versionGroupType = wrapper.xcdatamodel;
		};
/* End XCVersionGroup section */
	};
	rootObject = 498A30FA27FB01450041EFEB /* Project object */;
}
