// !$*UTF8*$!
{
	archiveVersion = 1;
	classes = {
	};
	objectVersion = 55;
	objects = {

/* Begin PBXBuildFile section */
		495AA53B27FF5F3800A647AD /* GroupTableViewController.swift in Sources */ = {isa = PBXBuildFile; fileRef = 495AA53A27FF5F3800A647AD /* GroupTableViewController.swift */; };
		495AA53D27FF5F8700A647AD /* GroupCellTableViewCell.swift in Sources */ = {isa = PBXBuildFile; fileRef = 495AA53C27FF5F8700A647AD /* GroupCellTableViewCell.swift */; };
		495AA54027FF74DA00A647AD /* MyGroupTableViewCell.swift in Sources */ = {isa = PBXBuildFile; fileRef = 495AA53F27FF74DA00A647AD /* MyGroupTableViewCell.swift */; };
		495AA54227FF74EB00A647AD /* MyGroupTableViewController.swift in Sources */ = {isa = PBXBuildFile; fileRef = 495AA54127FF74EB00A647AD /* MyGroupTableViewController.swift */; };
		498A310627FB01450041EFEB /* AppDelegate.swift in Sources */ = {isa = PBXBuildFile; fileRef = 498A310527FB01450041EFEB /* AppDelegate.swift */; };
		498A310827FB01450041EFEB /* SceneDelegate.swift in Sources */ = {isa = PBXBuildFile; fileRef = 498A310727FB01450041EFEB /* SceneDelegate.swift */; };
		498A310D27FB01450041EFEB /* Main.storyboard in Resources */ = {isa = PBXBuildFile; fileRef = 498A310B27FB01450041EFEB /* Main.storyboard */; };
		498A311027FB01450041EFEB /* HomeWork1_9.xcdatamodeld in Sources */ = {isa = PBXBuildFile; fileRef = 498A310E27FB01450041EFEB /* HomeWork1_9.xcdatamodeld */; };
		498A311227FB01480041EFEB /* Assets.xcassets in Resources */ = {isa = PBXBuildFile; fileRef = 498A311127FB01480041EFEB /* Assets.xcassets */; };
		498A311527FB01480041EFEB /* LaunchScreen.storyboard in Resources */ = {isa = PBXBuildFile; fileRef = 498A311327FB01480041EFEB /* LaunchScreen.storyboard */; };
		498A311D27FB018D0041EFEB /* LoginViewController.swift in Sources */ = {isa = PBXBuildFile; fileRef = 498A311C27FB018D0041EFEB /* LoginViewController.swift */; };
		49C1580A2805ABB700544E1C /* FriendsTableViewCell.swift in Sources */ = {isa = PBXBuildFile; fileRef = 49C158092805ABB700544E1C /* FriendsTableViewCell.swift */; };
		49C1580C2805ABF600544E1C /* FriendsTableViewController.swift in Sources */ = {isa = PBXBuildFile; fileRef = 49C1580B2805ABF600544E1C /* FriendsTableViewController.swift */; };
		49C1580E2805AC3100544E1C /* FriendsCollectionViewController.swift in Sources */ = {isa = PBXBuildFile; fileRef = 49C1580D2805AC3100544E1C /* FriendsCollectionViewController.swift */; };
		49C158102805B3F500544E1C /* FriendsCollectionViewCell.swift in Sources */ = {isa = PBXBuildFile; fileRef = 49C1580F2805B3F500544E1C /* FriendsCollectionViewCell.swift */; };
		49C158152805F9DF00544E1C /* FriendsStruct.swift in Sources */ = {isa = PBXBuildFile; fileRef = 49C158142805F9DF00544E1C /* FriendsStruct.swift */; };
		49C158172805FA1D00544E1C /* GroupStruct.swift in Sources */ = {isa = PBXBuildFile; fileRef = 49C158162805FA1D00544E1C /* GroupStruct.swift */; };
/* End PBXBuildFile section */

/* Begin PBXFileReference section */
		495AA53A27FF5F3800A647AD /* GroupTableViewController.swift */ = {isa = PBXFileReference; lastKnownFileType = sourcecode.swift; path = GroupTableViewController.swift; sourceTree = "<group>"; };
		495AA53C27FF5F8700A647AD /* GroupCellTableViewCell.swift */ = {isa = PBXFileReference; lastKnownFileType = sourcecode.swift; path = GroupCellTableViewCell.swift; sourceTree = "<group>"; };
		495AA53F27FF74DA00A647AD /* MyGroupTableViewCell.swift */ = {isa = PBXFileReference; lastKnownFileType = sourcecode.swift; path = MyGroupTableViewCell.swift; sourceTree = "<group>"; };
		495AA54127FF74EB00A647AD /* MyGroupTableViewController.swift */ = {isa = PBXFileReference; lastKnownFileType = sourcecode.swift; path = MyGroupTableViewController.swift; sourceTree = "<group>"; };
		498A310227FB01450041EFEB /* HomeWork1-9.app */ = {isa = PBXFileReference; explicitFileType = wrapper.application; includeInIndex = 0; path = "HomeWork1-9.app"; sourceTree = BUILT_PRODUCTS_DIR; };
		498A310527FB01450041EFEB /* AppDelegate.swift */ = {isa = PBXFileReference; lastKnownFileType = sourcecode.swift; path = AppDelegate.swift; sourceTree = "<group>"; };
		498A310727FB01450041EFEB /* SceneDelegate.swift */ = {isa = PBXFileReference; lastKnownFileType = sourcecode.swift; path = SceneDelegate.swift; sourceTree = "<group>"; };
		498A310C27FB01450041EFEB /* Base */ = {isa = PBXFileReference; lastKnownFileType = file.storyboard; name = Base; path = Base.lproj/Main.storyboard; sourceTree = "<group>"; };
		498A310F27FB01450041EFEB /* HomeWork1_9.xcdatamodel */ = {isa = PBXFileReference; lastKnownFileType = wrapper.xcdatamodel; path = HomeWork1_9.xcdatamodel; sourceTree = "<group>"; };
		498A311127FB01480041EFEB /* Assets.xcassets */ = {isa = PBXFileReference; lastKnownFileType = folder.assetcatalog; path = Assets.xcassets; sourceTree = "<group>"; };
		498A311427FB01480041EFEB /* Base */ = {isa = PBXFileReference; lastKnownFileType = file.storyboard; name = Base; path = Base.lproj/LaunchScreen.storyboard; sourceTree = "<group>"; };
		498A311627FB01480041EFEB /* Info.plist */ = {isa = PBXFileReference; lastKnownFileType = text.plist.xml; path = Info.plist; sourceTree = "<group>"; };
		498A311C27FB018D0041EFEB /* LoginViewController.swift */ = {isa = PBXFileReference; lastKnownFileType = sourcecode.swift; path = LoginViewController.swift; sourceTree = "<group>"; };
		49C158092805ABB700544E1C /* FriendsTableViewCell.swift */ = {isa = PBXFileReference; lastKnownFileType = sourcecode.swift; path = FriendsTableViewCell.swift; sourceTree = "<group>"; };
		49C1580B2805ABF600544E1C /* FriendsTableViewController.swift */ = {isa = PBXFileReference; lastKnownFileType = sourcecode.swift; path = FriendsTableViewController.swift; sourceTree = "<group>"; };
		49C1580D2805AC3100544E1C /* FriendsCollectionViewController.swift */ = {isa = PBXFileReference; lastKnownFileType = sourcecode.swift; path = FriendsCollectionViewController.swift; sourceTree = "<group>"; };
		49C1580F2805B3F500544E1C /* FriendsCollectionViewCell.swift */ = {isa = PBXFileReference; lastKnownFileType = sourcecode.swift; path = FriendsCollectionViewCell.swift; sourceTree = "<group>"; };
		49C158142805F9DF00544E1C /* FriendsStruct.swift */ = {isa = PBXFileReference; lastKnownFileType = sourcecode.swift; path = FriendsStruct.swift; sourceTree = "<group>"; };
		49C158162805FA1D00544E1C /* GroupStruct.swift */ = {isa = PBXFileReference; lastKnownFileType = sourcecode.swift; path = GroupStruct.swift; sourceTree = "<group>"; };
/* End PBXFileReference section */

/* Begin PBXFrameworksBuildPhase section */
		498A30FF27FB01450041EFEB /* Frameworks */ = {
			isa = PBXFrameworksBuildPhase;
			buildActionMask = 2147483647;
			files = (
			);
			runOnlyForDeploymentPostprocessing = 0;
		};
/* End PBXFrameworksBuildPhase section */

/* Begin PBXGroup section */
		495AA53927FF5ED900A647AD /* AllGroup */ = {
			isa = PBXGroup;
			children = (
				495AA53A27FF5F3800A647AD /* GroupTableViewController.swift */,
				495AA53C27FF5F8700A647AD /* GroupCellTableViewCell.swift */,
			);
			path = AllGroup;
			sourceTree = "<group>";
		};
		495AA53E27FF74AD00A647AD /* MyGroup */ = {
			isa = PBXGroup;
			children = (
				495AA54127FF74EB00A647AD /* MyGroupTableViewController.swift */,
				495AA53F27FF74DA00A647AD /* MyGroupTableViewCell.swift */,
			);
			path = MyGroup;
			sourceTree = "<group>";
		};
		495AE5092800B40300853CF7 /* Friends */ = {
			isa = PBXGroup;
			children = (
				49C158092805ABB700544E1C /* FriendsTableViewCell.swift */,
				49C1580B2805ABF600544E1C /* FriendsTableViewController.swift */,
				49C1580D2805AC3100544E1C /* FriendsCollectionViewController.swift */,
				49C1580F2805B3F500544E1C /* FriendsCollectionViewCell.swift */,
			);
			path = Friends;
			sourceTree = "<group>";
		};
		498A30F927FB01450041EFEB = {
			isa = PBXGroup;
			children = (
				498A310427FB01450041EFEB /* HomeWork1-9 */,
				498A310327FB01450041EFEB /* Products */,
			);
			sourceTree = "<group>";
		};
		498A310327FB01450041EFEB /* Products */ = {
			isa = PBXGroup;
			children = (
				498A310227FB01450041EFEB /* HomeWork1-9.app */,
			);
			name = Products;
			sourceTree = "<group>";
		};
		498A310427FB01450041EFEB /* HomeWork1-9 */ = {
			isa = PBXGroup;
			children = (
				49C158112805F98C00544E1C /* Model */,
				495AE5092800B40300853CF7 /* Friends */,
				495AA53E27FF74AD00A647AD /* MyGroup */,
				495AA53927FF5ED900A647AD /* AllGroup */,
				498A310527FB01450041EFEB /* AppDelegate.swift */,
				498A310727FB01450041EFEB /* SceneDelegate.swift */,
				498A311C27FB018D0041EFEB /* LoginViewController.swift */,
				498A310B27FB01450041EFEB /* Main.storyboard */,
				498A311127FB01480041EFEB /* Assets.xcassets */,
				498A311327FB01480041EFEB /* LaunchScreen.storyboard */,
				498A311627FB01480041EFEB /* Info.plist */,
				498A310E27FB01450041EFEB /* HomeWork1_9.xcdatamodeld */,
			);
			path = "HomeWork1-9";
			sourceTree = "<group>";
		};
		49C158112805F98C00544E1C /* Model */ = {
			isa = PBXGroup;
			children = (
				49C158142805F9DF00544E1C /* FriendsStruct.swift */,
				49C158162805FA1D00544E1C /* GroupStruct.swift */,
			);
			path = Model;
			sourceTree = "<group>";
		};
/* End PBXGroup section */

/* Begin PBXNativeTarget section */
		498A310127FB01450041EFEB /* HomeWork1-9 */ = {
			isa = PBXNativeTarget;
			buildConfigurationList = 498A311927FB01480041EFEB /* Build configuration list for PBXNativeTarget "HomeWork1-9" */;
			buildPhases = (
				498A30FE27FB01450041EFEB /* Sources */,
				498A30FF27FB01450041EFEB /* Frameworks */,
				498A310027FB01450041EFEB /* Resources */,
			);
			buildRules = (
			);
			dependencies = (
			);
			name = "HomeWork1-9";
			productName = "HomeWork1-9";
			productReference = 498A310227FB01450041EFEB /* HomeWork1-9.app */;
			productType = "com.apple.product-type.application";
		};
/* End PBXNativeTarget section */

/* Begin PBXProject section */
		498A30FA27FB01450041EFEB /* Project object */ = {
			isa = PBXProject;
			attributes = {
				BuildIndependentTargetsInParallel = 1;
				LastSwiftUpdateCheck = 1320;
				LastUpgradeCheck = 1320;
				TargetAttributes = {
					498A310127FB01450041EFEB = {
						CreatedOnToolsVersion = 13.2.1;
					};
				};
			};
			buildConfigurationList = 498A30FD27FB01450041EFEB /* Build configuration list for PBXProject "HomeWork1-9" */;
			compatibilityVersion = "Xcode 13.0";
			developmentRegion = en;
			hasScannedForEncodings = 0;
			knownRegions = (
				en,
				Base,
			);
			mainGroup = 498A30F927FB01450041EFEB;
			productRefGroup = 498A310327FB01450041EFEB /* Products */;
			projectDirPath = "";
			projectRoot = "";
			targets = (
				498A310127FB01450041EFEB /* HomeWork1-9 */,
			);
		};
/* End PBXProject section */

/* Begin PBXResourcesBuildPhase section */
		498A310027FB01450041EFEB /* Resources */ = {
			isa = PBXResourcesBuildPhase;
			buildActionMask = 2147483647;
			files = (
				498A311527FB01480041EFEB /* LaunchScreen.storyboard in Resources */,
				498A311227FB01480041EFEB /* Assets.xcassets in Resources */,
				498A310D27FB01450041EFEB /* Main.storyboard in Resources */,
			);
			runOnlyForDeploymentPostprocessing = 0;
		};
/* End PBXResourcesBuildPhase section */

/* Begin PBXSourcesBuildPhase section */
		498A30FE27FB01450041EFEB /* Sources */ = {
			isa = PBXSourcesBuildPhase;
			buildActionMask = 2147483647;
			files = (
				49C1580A2805ABB700544E1C /* FriendsTableViewCell.swift in Sources */,
				498A311D27FB018D0041EFEB /* LoginViewController.swift in Sources */,
				49C1580E2805AC3100544E1C /* FriendsCollectionViewController.swift in Sources */,
				49C158152805F9DF00544E1C /* FriendsStruct.swift in Sources */,
				495AA54027FF74DA00A647AD /* MyGroupTableViewCell.swift in Sources */,
				49C158102805B3F500544E1C /* FriendsCollectionViewCell.swift in Sources */,
				49C158172805FA1D00544E1C /* GroupStruct.swift in Sources */,
				495AA54227FF74EB00A647AD /* MyGroupTableViewController.swift in Sources */,
				49C1580C2805ABF600544E1C /* FriendsTableViewController.swift in Sources */,
				498A311027FB01450041EFEB /* HomeWork1_9.xcdatamodeld in Sources */,
				498A310627FB01450041EFEB /* AppDelegate.swift in Sources */,
				498A310827FB01450041EFEB /* SceneDelegate.swift in Sources */,
				495AA53B27FF5F3800A647AD /* GroupTableViewController.swift in Sources */,
				495AA53D27FF5F8700A647AD /* GroupCellTableViewCell.swift in Sources */,
			);
			runOnlyForDeploymentPostprocessing = 0;
		};
/* End PBXSourcesBuildPhase section */

/* Begin PBXVariantGroup section */
		498A310B27FB01450041EFEB /* Main.storyboard */ = {
			isa = PBXVariantGroup;
			children = (
				498A310C27FB01450041EFEB /* Base */,
			);
			name = Main.storyboard;
			sourceTree = "<group>";
		};
		498A311327FB01480041EFEB /* LaunchScreen.storyboard */ = {
			isa = PBXVariantGroup;
			children = (
				498A311427FB01480041EFEB /* Base */,
			);
			name = LaunchScreen.storyboard;
			sourceTree = "<group>";
		};
/* End PBXVariantGroup section */

/* Begin XCBuildConfiguration section */
		498A311727FB01480041EFEB /* Debug */ = {
			isa = XCBuildConfiguration;
			buildSettings = {
				ALWAYS_SEARCH_USER_PATHS = NO;
				CLANG_ANALYZER_NONNULL = YES;
				CLANG_ANALYZER_NUMBER_OBJECT_CONVERSION = YES_AGGRESSIVE;
				CLANG_CXX_LANGUAGE_STANDARD = "gnu++17";
				CLANG_CXX_LIBRARY = "libc++";
				CLANG_ENABLE_MODULES = YES;
				CLANG_ENABLE_OBJC_ARC = YES;
				CLANG_ENABLE_OBJC_WEAK = YES;
				CLANG_WARN_BLOCK_CAPTURE_AUTORELEASING = YES;
				CLANG_WARN_BOOL_CONVERSION = YES;
				CLANG_WARN_COMMA = YES;
				CLANG_WARN_CONSTANT_CONVERSION = YES;
				CLANG_WARN_DEPRECATED_OBJC_IMPLEMENTATIONS = YES;
				CLANG_WARN_DIRECT_OBJC_ISA_USAGE = YES_ERROR;
				CLANG_WARN_DOCUMENTATION_COMMENTS = YES;
				CLANG_WARN_EMPTY_BODY = YES;
				CLANG_WARN_ENUM_CONVERSION = YES;
				CLANG_WARN_INFINITE_RECURSION = YES;
				CLANG_WARN_INT_CONVERSION = YES;
				CLANG_WARN_NON_LITERAL_NULL_CONVERSION = YES;
				CLANG_WARN_OBJC_IMPLICIT_RETAIN_SELF = YES;
				CLANG_WARN_OBJC_LITERAL_CONVERSION = YES;
				CLANG_WARN_OBJC_ROOT_CLASS = YES_ERROR;
				CLANG_WARN_QUOTED_INCLUDE_IN_FRAMEWORK_HEADER = YES;
				CLANG_WARN_RANGE_LOOP_ANALYSIS = YES;
				CLANG_WARN_STRICT_PROTOTYPES = YES;
				CLANG_WARN_SUSPICIOUS_MOVE = YES;
				CLANG_WARN_UNGUARDED_AVAILABILITY = YES_AGGRESSIVE;
				CLANG_WARN_UNREACHABLE_CODE = YES;
				CLANG_WARN__DUPLICATE_METHOD_MATCH = YES;
				COPY_PHASE_STRIP = NO;
				DEBUG_INFORMATION_FORMAT = dwarf;
				ENABLE_STRICT_OBJC_MSGSEND = YES;
				ENABLE_TESTABILITY = YES;
				GCC_C_LANGUAGE_STANDARD = gnu11;
				GCC_DYNAMIC_NO_PIC = NO;
				GCC_NO_COMMON_BLOCKS = YES;
				GCC_OPTIMIZATION_LEVEL = 0;
				GCC_PREPROCESSOR_DEFINITIONS = (
					"DEBUG=1",
					"$(inherited)",
				);
				GCC_WARN_64_TO_32_BIT_CONVERSION = YES;
				GCC_WARN_ABOUT_RETURN_TYPE = YES_ERROR;
				GCC_WARN_UNDECLARED_SELECTOR = YES;
				GCC_WARN_UNINITIALIZED_AUTOS = YES_AGGRESSIVE;
				GCC_WARN_UNUSED_FUNCTION = YES;
				GCC_WARN_UNUSED_VARIABLE = YES;
				IPHONEOS_DEPLOYMENT_TARGET = 15.2;
				MTL_ENABLE_DEBUG_INFO = INCLUDE_SOURCE;
				MTL_FAST_MATH = YES;
				ONLY_ACTIVE_ARCH = YES;
				SDKROOT = iphoneos;
				SWIFT_ACTIVE_COMPILATION_CONDITIONS = DEBUG;
				SWIFT_OPTIMIZATION_LEVEL = "-Onone";
			};
			name = Debug;
		};
		498A311827FB01480041EFEB /* Release */ = {
			isa = XCBuildConfiguration;
			buildSettings = {
				ALWAYS_SEARCH_USER_PATHS = NO;
				CLANG_ANALYZER_NONNULL = YES;
				CLANG_ANALYZER_NUMBER_OBJECT_CONVERSION = YES_AGGRESSIVE;
				CLANG_CXX_LANGUAGE_STANDARD = "gnu++17";
				CLANG_CXX_LIBRARY = "libc++";
				CLANG_ENABLE_MODULES = YES;
				CLANG_ENABLE_OBJC_ARC = YES;
				CLANG_ENABLE_OBJC_WEAK = YES;
				CLANG_WARN_BLOCK_CAPTURE_AUTORELEASING = YES;
				CLANG_WARN_BOOL_CONVERSION = YES;
				CLANG_WARN_COMMA = YES;
				CLANG_WARN_CONSTANT_CONVERSION = YES;
				CLANG_WARN_DEPRECATED_OBJC_IMPLEMENTATIONS = YES;
				CLANG_WARN_DIRECT_OBJC_ISA_USAGE = YES_ERROR;
				CLANG_WARN_DOCUMENTATION_COMMENTS = YES;
				CLANG_WARN_EMPTY_BODY = YES;
				CLANG_WARN_ENUM_CONVERSION = YES;
				CLANG_WARN_INFINITE_RECURSION = YES;
				CLANG_WARN_INT_CONVERSION = YES;
				CLANG_WARN_NON_LITERAL_NULL_CONVERSION = YES;
				CLANG_WARN_OBJC_IMPLICIT_RETAIN_SELF = YES;
				CLANG_WARN_OBJC_LITERAL_CONVERSION = YES;
				CLANG_WARN_OBJC_ROOT_CLASS = YES_ERROR;
				CLANG_WARN_QUOTED_INCLUDE_IN_FRAMEWORK_HEADER = YES;
				CLANG_WARN_RANGE_LOOP_ANALYSIS = YES;
				CLANG_WARN_STRICT_PROTOTYPES = YES;
				CLANG_WARN_SUSPICIOUS_MOVE = YES;
				CLANG_WARN_UNGUARDED_AVAILABILITY = YES_AGGRESSIVE;
				CLANG_WARN_UNREACHABLE_CODE = YES;
				CLANG_WARN__DUPLICATE_METHOD_MATCH = YES;
				COPY_PHASE_STRIP = NO;
				DEBUG_INFORMATION_FORMAT = "dwarf-with-dsym";
				ENABLE_NS_ASSERTIONS = NO;
				ENABLE_STRICT_OBJC_MSGSEND = YES;
				GCC_C_LANGUAGE_STANDARD = gnu11;
				GCC_NO_COMMON_BLOCKS = YES;
				GCC_WARN_64_TO_32_BIT_CONVERSION = YES;
				GCC_WARN_ABOUT_RETURN_TYPE = YES_ERROR;
				GCC_WARN_UNDECLARED_SELECTOR = YES;
				GCC_WARN_UNINITIALIZED_AUTOS = YES_AGGRESSIVE;
				GCC_WARN_UNUSED_FUNCTION = YES;
				GCC_WARN_UNUSED_VARIABLE = YES;
				IPHONEOS_DEPLOYMENT_TARGET = 15.2;
				MTL_ENABLE_DEBUG_INFO = NO;
				MTL_FAST_MATH = YES;
				SDKROOT = iphoneos;
				SWIFT_COMPILATION_MODE = wholemodule;
				SWIFT_OPTIMIZATION_LEVEL = "-O";
				VALIDATE_PRODUCT = YES;
			};
			name = Release;
		};
		498A311A27FB01480041EFEB /* Debug */ = {
			isa = XCBuildConfiguration;
			buildSettings = {
				ASSETCATALOG_COMPILER_APPICON_NAME = AppIcon;
				ASSETCATALOG_COMPILER_GLOBAL_ACCENT_COLOR_NAME = AccentColor;
				CODE_SIGN_STYLE = Automatic;
				CURRENT_PROJECT_VERSION = 1;
				GENERATE_INFOPLIST_FILE = YES;
				INFOPLIST_FILE = "HomeWork1-9/Info.plist";
				INFOPLIST_KEY_UIApplicationSupportsIndirectInputEvents = YES;
				INFOPLIST_KEY_UILaunchStoryboardName = LaunchScreen;
				INFOPLIST_KEY_UIMainStoryboardFile = Main;
				INFOPLIST_KEY_UISupportedInterfaceOrientations_iPad = "UIInterfaceOrientationPortrait UIInterfaceOrientationPortraitUpsideDown UIInterfaceOrientationLandscapeLeft UIInterfaceOrientationLandscapeRight";
				INFOPLIST_KEY_UISupportedInterfaceOrientations_iPhone = "UIInterfaceOrientationPortrait UIInterfaceOrientationLandscapeLeft UIInterfaceOrientationLandscapeRight";
				LD_RUNPATH_SEARCH_PATHS = (
					"$(inherited)",
					"@executable_path/Frameworks",
				);
				MARKETING_VERSION = 1.0;
				PRODUCT_BUNDLE_IDENTIFIER = "-7swords.HomeWork1-9";
				PRODUCT_NAME = "$(TARGET_NAME)";
				SWIFT_EMIT_LOC_STRINGS = YES;
				SWIFT_VERSION = 5.0;
				TARGETED_DEVICE_FAMILY = "1,2";
			};
			name = Debug;
		};
		498A311B27FB01480041EFEB /* Release */ = {
			isa = XCBuildConfiguration;
			buildSettings = {
				ASSETCATALOG_COMPILER_APPICON_NAME = AppIcon;
				ASSETCATALOG_COMPILER_GLOBAL_ACCENT_COLOR_NAME = AccentColor;
				CODE_SIGN_STYLE = Automatic;
				CURRENT_PROJECT_VERSION = 1;
				GENERATE_INFOPLIST_FILE = YES;
				INFOPLIST_FILE = "HomeWork1-9/Info.plist";
				INFOPLIST_KEY_UIApplicationSupportsIndirectInputEvents = YES;
				INFOPLIST_KEY_UILaunchStoryboardName = LaunchScreen;
				INFOPLIST_KEY_UIMainStoryboardFile = Main;
				INFOPLIST_KEY_UISupportedInterfaceOrientations_iPad = "UIInterfaceOrientationPortrait UIInterfaceOrientationPortraitUpsideDown UIInterfaceOrientationLandscapeLeft UIInterfaceOrientationLandscapeRight";
				INFOPLIST_KEY_UISupportedInterfaceOrientations_iPhone = "UIInterfaceOrientationPortrait UIInterfaceOrientationLandscapeLeft UIInterfaceOrientationLandscapeRight";
				LD_RUNPATH_SEARCH_PATHS = (
					"$(inherited)",
					"@executable_path/Frameworks",
				);
				MARKETING_VERSION = 1.0;
				PRODUCT_BUNDLE_IDENTIFIER = "-7swords.HomeWork1-9";
				PRODUCT_NAME = "$(TARGET_NAME)";
				SWIFT_EMIT_LOC_STRINGS = YES;
				SWIFT_VERSION = 5.0;
				TARGETED_DEVICE_FAMILY = "1,2";
			};
			name = Release;
		};
/* End XCBuildConfiguration section */

/* Begin XCConfigurationList section */
		498A30FD27FB01450041EFEB /* Build configuration list for PBXProject "HomeWork1-9" */ = {
			isa = XCConfigurationList;
			buildConfigurations = (
				498A311727FB01480041EFEB /* Debug */,
				498A311827FB01480041EFEB /* Release */,
			);
			defaultConfigurationIsVisible = 0;
			defaultConfigurationName = Release;
		};
		498A311927FB01480041EFEB /* Build configuration list for PBXNativeTarget "HomeWork1-9" */ = {
			isa = XCConfigurationList;
			buildConfigurations = (
				498A311A27FB01480041EFEB /* Debug */,
				498A311B27FB01480041EFEB /* Release */,
			);
			defaultConfigurationIsVisible = 0;
			defaultConfigurationName = Release;
		};
/* End XCConfigurationList section */

/* Begin XCVersionGroup section */
		498A310E27FB01450041EFEB /* HomeWork1_9.xcdatamodeld */ = {
			isa = XCVersionGroup;
			children = (
				498A310F27FB01450041EFEB /* HomeWork1_9.xcdatamodel */,
			);
			currentVersion = 498A310F27FB01450041EFEB /* HomeWork1_9.xcdatamodel */;
			path = HomeWork1_9.xcdatamodeld;
			sourceTree = "<group>";
			versionGroupType = wrapper.xcdatamodel;
		};
/* End XCVersionGroup section */
	};
	rootObject = 498A30FA27FB01450041EFEB /* Project object */;
}
